
Microsoft Visual Studio Solution File, Format Version 12.00
# Visual Studio Version 16
VisualStudioVersion = 16.0.29403.142
MinimumVisualStudioVersion = 10.0.40219.1
Project("{FAE04EC0-301F-11D3-BF4B-00C04F79EFBC}") = "Bankomat", "Bankomat\Bankomat.csproj", "{B0A9A0FB-70F3-4DDB-BD5B-239AA66CF71F}"
EndProject
Global
	GlobalSection(SolutionConfigurationPlatforms) = preSolution
		Debug|Any CPU = Debug|Any CPU
		Release|Any CPU = Release|Any CPU
	EndGlobalSection
	GlobalSection(ProjectConfigurationPlatforms) = postSolution
		{B0A9A0FB-70F3-4DDB-BD5B-239AA66CF71F}.Debug|Any CPU.ActiveCfg = Debug|Any CPU
		{B0A9A0FB-70F3-4DDB-BD5B-239AA66CF71F}.Debug|Any CPU.Build.0 = Debug|Any CPU
		{B0A9A0FB-70F3-4DDB-BD5B-239AA66CF71F}.Release|Any CPU.ActiveCfg = Release|Any CPU
		{B0A9A0FB-70F3-4DDB-BD5B-239AA66CF71F}.Release|Any CPU.Build.0 = Release|Any CPU
	EndGlobalSection
	GlobalSection(SolutionProperties) = preSolution
		HideSolutionNode = FALSE
	EndGlobalSection
	GlobalSection(ExtensibilityGlobals) = postSolution
		SolutionGuid = {B7D75169-A17C-4F89-BCF5-887861BED4A8}
	EndGlobalSection
EndGlobal
